// !$*UTF8*$!
{
	archiveVersion = 1;
	classes = {
	};
	objectVersion = 77;
	objects = {

/* Begin PBXContainerItemProxy section */
		BF7A25D42E81A81000C5A4CE /* PBXContainerItemProxy */ = {
			isa = PBXContainerItemProxy;
			containerPortal = BF7A25BA2E81A80E00C5A4CE /* Project object */;
			proxyType = 1;
			remoteGlobalIDString = BF7A25C12E81A80E00C5A4CE;
			remoteInfo = Navi;
		};
		BF7A25DE2E81A81000C5A4CE /* PBXContainerItemProxy */ = {
			isa = PBXContainerItemProxy;
			containerPortal = BF7A25BA2E81A80E00C5A4CE /* Project object */;
			proxyType = 1;
			remoteGlobalIDString = BF7A25C12E81A80E00C5A4CE;
			remoteInfo = Navi;
		};
/* End PBXContainerItemProxy section */

/* Begin PBXFileReference section */
		BF7A25C22E81A80E00C5A4CE /* Navi.app */ = {isa = PBXFileReference; explicitFileType = wrapper.application; includeInIndex = 0; path = Navi.app; sourceTree = BUILT_PRODUCTS_DIR; };
		BF7A25D32E81A81000C5A4CE /* NaviTests.xctest */ = {isa = PBXFileReference; explicitFileType = wrapper.cfbundle; includeInIndex = 0; path = NaviTests.xctest; sourceTree = BUILT_PRODUCTS_DIR; };
		BF7A25DD2E81A81000C5A4CE /* NaviUITests.xctest */ = {isa = PBXFileReference; explicitFileType = wrapper.cfbundle; includeInIndex = 0; path = NaviUITests.xctest; sourceTree = BUILT_PRODUCTS_DIR; };
/* End PBXFileReference section */

/* Begin PBXFileSystemSynchronizedBuildFileExceptionSet section */
		BF7A25F12E81A8A000C5A4CE /* Exceptions for "Navi" folder in "Navi" target */ = {
			isa = PBXFileSystemSynchronizedBuildFileExceptionSet;
			membershipExceptions = (
				Info.plist,
			);
			target = BF7A25C12E81A80E00C5A4CE /* Navi */;
		};
/* End PBXFileSystemSynchronizedBuildFileExceptionSet section */

/* Begin PBXFileSystemSynchronizedRootGroup section */
		BF7A25C42E81A80E00C5A4CE /* Navi */ = {
			isa = PBXFileSystemSynchronizedRootGroup;
			exceptions = (
				BF7A25F12E81A8A000C5A4CE /* Exceptions for "Navi" folder in "Navi" target */,
			);
			path = Navi;
			sourceTree = "<group>";
		};
		BF7A25D62E81A81000C5A4CE /* NaviTests */ = {
			isa = PBXFileSystemSynchronizedRootGroup;
			path = NaviTests;
			sourceTree = "<group>";
		};
		BF7A25E02E81A81000C5A4CE /* NaviUITests */ = {
			isa = PBXFileSystemSynchronizedRootGroup;
			path = NaviUITests;
			sourceTree = "<group>";
		};
/* End PBXFileSystemSynchronizedRootGroup section */

/* Begin PBXFrameworksBuildPhase section */
		BF7A25BF2E81A80E00C5A4CE /* Frameworks */ = {
			isa = PBXFrameworksBuildPhase;
			buildActionMask = 2147483647;
			files = (
			);
			runOnlyForDeploymentPostprocessing = 0;
		};
		BF7A25D02E81A81000C5A4CE /* Frameworks */ = {
			isa = PBXFrameworksBuildPhase;
			buildActionMask = 2147483647;
			files = (
			);
			runOnlyForDeploymentPostprocessing = 0;
		};
		BF7A25DA2E81A81000C5A4CE /* Frameworks */ = {
			isa = PBXFrameworksBuildPhase;
			buildActionMask = 2147483647;
			files = (
			);
			runOnlyForDeploymentPostprocessing = 0;
		};
/* End PBXFrameworksBuildPhase section */

/* Begin PBXGroup section */
		BF7A25B92E81A80E00C5A4CE = {
			isa = PBXGroup;
			children = (
				BF7A25C42E81A80E00C5A4CE /* Navi */,
				BF7A25D62E81A81000C5A4CE /* NaviTests */,
				BF7A25E02E81A81000C5A4CE /* NaviUITests */,
				BF7A25C32E81A80E00C5A4CE /* Products */,
			);
			sourceTree = "<group>";
		};
		BF7A25C32E81A80E00C5A4CE /* Products */ = {
			isa = PBXGroup;
			children = (
				BF7A25C22E81A80E00C5A4CE /* Navi.app */,
				BF7A25D32E81A81000C5A4CE /* NaviTests.xctest */,
				BF7A25DD2E81A81000C5A4CE /* NaviUITests.xctest */,
			);
			name = Products;
			sourceTree = "<group>";
		};
/* End PBXGroup section */

/* Begin PBXNativeTarget section */
		BF7A25C12E81A80E00C5A4CE /* Navi */ = {
			isa = PBXNativeTarget;
			buildConfigurationList = BF7A25E72E81A81000C5A4CE /* Build configuration list for PBXNativeTarget "Navi" */;
			buildPhases = (
				BF7A25BE2E81A80E00C5A4CE /* Sources */,
				BF7A25BF2E81A80E00C5A4CE /* Frameworks */,
				BF7A25C02E81A80E00C5A4CE /* Resources */,
			);
			buildRules = (
			);
			dependencies = (
			);
			fileSystemSynchronizedGroups = (
				BF7A25C42E81A80E00C5A4CE /* Navi */,
			);
			name = Navi;
			packageProductDependencies = (
			);
			productName = Navi;
			productReference = BF7A25C22E81A80E00C5A4CE /* Navi.app */;
			productType = "com.apple.product-type.application";
		};
		BF7A25D22E81A81000C5A4CE /* NaviTests */ = {
			isa = PBXNativeTarget;
			buildConfigurationList = BF7A25EA2E81A81000C5A4CE /* Build configuration list for PBXNativeTarget "NaviTests" */;
			buildPhases = (
				BF7A25CF2E81A81000C5A4CE /* Sources */,
				BF7A25D02E81A81000C5A4CE /* Frameworks */,
				BF7A25D12E81A81000C5A4CE /* Resources */,
			);
			buildRules = (
			);
			dependencies = (
				BF7A25D52E81A81000C5A4CE /* PBXTargetDependency */,
			);
			fileSystemSynchronizedGroups = (
				BF7A25D62E81A81000C5A4CE /* NaviTests */,
			);
			name = NaviTests;
			packageProductDependencies = (
			);
			productName = NaviTests;
			productReference = BF7A25D32E81A81000C5A4CE /* NaviTests.xctest */;
			productType = "com.apple.product-type.bundle.unit-test";
		};
		BF7A25DC2E81A81000C5A4CE /* NaviUITests */ = {
			isa = PBXNativeTarget;
			buildConfigurationList = BF7A25ED2E81A81000C5A4CE /* Build configuration list for PBXNativeTarget "NaviUITests" */;
			buildPhases = (
				BF7A25D92E81A81000C5A4CE /* Sources */,
				BF7A25DA2E81A81000C5A4CE /* Frameworks */,
				BF7A25DB2E81A81000C5A4CE /* Resources */,
			);
			buildRules = (
			);
			dependencies = (
				BF7A25DF2E81A81000C5A4CE /* PBXTargetDependency */,
			);
			fileSystemSynchronizedGroups = (
				BF7A25E02E81A81000C5A4CE /* NaviUITests */,
			);
			name = NaviUITests;
			packageProductDependencies = (
			);
			productName = NaviUITests;
			productReference = BF7A25DD2E81A81000C5A4CE /* NaviUITests.xctest */;
			productType = "com.apple.product-type.bundle.ui-testing";
		};
/* End PBXNativeTarget section */

/* Begin PBXProject section */
		BF7A25BA2E81A80E00C5A4CE /* Project object */ = {
			isa = PBXProject;
			attributes = {
				BuildIndependentTargetsInParallel = 1;
				LastSwiftUpdateCheck = 1620;
				LastUpgradeCheck = 1620;
				TargetAttributes = {
					BF7A25C12E81A80E00C5A4CE = {
						CreatedOnToolsVersion = 16.2;
					};
					BF7A25D22E81A81000C5A4CE = {
						CreatedOnToolsVersion = 16.2;
						TestTargetID = BF7A25C12E81A80E00C5A4CE;
					};
					BF7A25DC2E81A81000C5A4CE = {
						CreatedOnToolsVersion = 16.2;
						TestTargetID = BF7A25C12E81A80E00C5A4CE;
					};
				};
			};
			buildConfigurationList = BF7A25BD2E81A80E00C5A4CE /* Build configuration list for PBXProject "Navi" */;
			developmentRegion = en;
			hasScannedForEncodings = 0;
			knownRegions = (
				en,
				Base,
			);
			mainGroup = BF7A25B92E81A80E00C5A4CE;
			minimizedProjectReferenceProxies = 1;
			preferredProjectObjectVersion = 77;
			productRefGroup = BF7A25C32E81A80E00C5A4CE /* Products */;
			projectDirPath = "";
			projectRoot = "";
			targets = (
				BF7A25C12E81A80E00C5A4CE /* Navi */,
				BF7A25D22E81A81000C5A4CE /* NaviTests */,
				BF7A25DC2E81A81000C5A4CE /* NaviUITests */,
			);
		};
/* End PBXProject section */

/* Begin PBXResourcesBuildPhase section */
		BF7A25C02E81A80E00C5A4CE /* Resources */ = {
			isa = PBXResourcesBuildPhase;
			buildActionMask = 2147483647;
			files = (
			);
			runOnlyForDeploymentPostprocessing = 0;
		};
		BF7A25D12E81A81000C5A4CE /* Resources */ = {
			isa = PBXResourcesBuildPhase;
			buildActionMask = 2147483647;
			files = (
			);
			runOnlyForDeploymentPostprocessing = 0;
		};
		BF7A25DB2E81A81000C5A4CE /* Resources */ = {
			isa = PBXResourcesBuildPhase;
			buildActionMask = 2147483647;
			files = (
			);
			runOnlyForDeploymentPostprocessing = 0;
		};
/* End PBXResourcesBuildPhase section */

/* Begin PBXSourcesBuildPhase section */
		BF7A25BE2E81A80E00C5A4CE /* Sources */ = {
			isa = PBXSourcesBuildPhase;
			buildActionMask = 2147483647;
			files = (
			);
			runOnlyForDeploymentPostprocessing = 0;
		};
		BF7A25CF2E81A81000C5A4CE /* Sources */ = {
			isa = PBXSourcesBuildPhase;
			buildActionMask = 2147483647;
			files = (
			);
			runOnlyForDeploymentPostprocessing = 0;
		};
		BF7A25D92E81A81000C5A4CE /* Sources */ = {
			isa = PBXSourcesBuildPhase;
			buildActionMask = 2147483647;
			files = (
			);
			runOnlyForDeploymentPostprocessing = 0;
		};
/* End PBXSourcesBuildPhase section */

/* Begin PBXTargetDependency section */
		BF7A25D52E81A81000C5A4CE /* PBXTargetDependency */ = {
			isa = PBXTargetDependency;
			target = BF7A25C12E81A80E00C5A4CE /* Navi */;
			targetProxy = BF7A25D42E81A81000C5A4CE /* PBXContainerItemProxy */;
		};
		BF7A25DF2E81A81000C5A4CE /* PBXTargetDependency */ = {
			isa = PBXTargetDependency;
			target = BF7A25C12E81A80E00C5A4CE /* Navi */;
			targetProxy = BF7A25DE2E81A81000C5A4CE /* PBXContainerItemProxy */;
		};
/* End PBXTargetDependency section */

/* Begin XCBuildConfiguration section */
		BF7A25E52E81A81000C5A4CE /* Debug */ = {
			isa = XCBuildConfiguration;
			buildSettings = {
				ALWAYS_SEARCH_USER_PATHS = NO;
				ASSETCATALOG_COMPILER_GENERATE_SWIFT_ASSET_SYMBOL_EXTENSIONS = YES;
				CLANG_ANALYZER_NONNULL = YES;
				CLANG_ANALYZER_NUMBER_OBJECT_CONVERSION = YES_AGGRESSIVE;
				CLANG_CXX_LANGUAGE_STANDARD = "gnu++20";
				CLANG_ENABLE_MODULES = YES;
				CLANG_ENABLE_OBJC_ARC = YES;
				CLANG_ENABLE_OBJC_WEAK = YES;
				CLANG_WARN_BLOCK_CAPTURE_AUTORELEASING = YES;
				CLANG_WARN_BOOL_CONVERSION = YES;
				CLANG_WARN_COMMA = YES;
				CLANG_WARN_CONSTANT_CONVERSION = YES;
				CLANG_WARN_DEPRECATED_OBJC_IMPLEMENTATIONS = YES;
				CLANG_WARN_DIRECT_OBJC_ISA_USAGE = YES_ERROR;
				CLANG_WARN_DOCUMENTATION_COMMENTS = YES;
				CLANG_WARN_EMPTY_BODY = YES;
				CLANG_WARN_ENUM_CONVERSION = YES;
				CLANG_WARN_INFINITE_RECURSION = YES;
				CLANG_WARN_INT_CONVERSION = YES;
				CLANG_WARN_NON_LITERAL_NULL_CONVERSION = YES;
				CLANG_WARN_OBJC_IMPLICIT_RETAIN_SELF = YES;
				CLANG_WARN_OBJC_LITERAL_CONVERSION = YES;
				CLANG_WARN_OBJC_ROOT_CLASS = YES_ERROR;
				CLANG_WARN_QUOTED_INCLUDE_IN_FRAMEWORK_HEADER = YES;
				CLANG_WARN_RANGE_LOOP_ANALYSIS = YES;
				CLANG_WARN_STRICT_PROTOTYPES = YES;
				CLANG_WARN_SUSPICIOUS_MOVE = YES;
				CLANG_WARN_UNGUARDED_AVAILABILITY = YES_AGGRESSIVE;
				CLANG_WARN_UNREACHABLE_CODE = YES;
				CLANG_WARN__DUPLICATE_METHOD_MATCH = YES;
				COPY_PHASE_STRIP = NO;
				DEBUG_INFORMATION_FORMAT = dwarf;
				ENABLE_STRICT_OBJC_MSGSEND = YES;
				ENABLE_TESTABILITY = YES;
				ENABLE_USER_SCRIPT_SANDBOXING = YES;
				GCC_C_LANGUAGE_STANDARD = gnu17;
				GCC_DYNAMIC_NO_PIC = NO;
				GCC_NO_COMMON_BLOCKS = YES;
				GCC_OPTIMIZATION_LEVEL = 0;
				GCC_PREPROCESSOR_DEFINITIONS = (
					"DEBUG=1",
					"$(inherited)",
				);
				GCC_WARN_64_TO_32_BIT_CONVERSION = YES;
				GCC_WARN_ABOUT_RETURN_TYPE = YES_ERROR;
				GCC_WARN_UNDECLARED_SELECTOR = YES;
				GCC_WARN_UNINITIALIZED_AUTOS = YES_AGGRESSIVE;
				GCC_WARN_UNUSED_FUNCTION = YES;
				GCC_WARN_UNUSED_VARIABLE = YES;
				LOCALIZATION_PREFERS_STRING_CATALOGS = YES;
				MACOSX_DEPLOYMENT_TARGET = 14.6;
				MTL_ENABLE_DEBUG_INFO = INCLUDE_SOURCE;
				MTL_FAST_MATH = YES;
				ONLY_ACTIVE_ARCH = YES;
				SDKROOT = macosx;
				SWIFT_ACTIVE_COMPILATION_CONDITIONS = "DEBUG $(inherited)";
				SWIFT_OPTIMIZATION_LEVEL = "-Onone";
			};
			name = Debug;
		};
		BF7A25E62E81A81000C5A4CE /* Release */ = {
			isa = XCBuildConfiguration;
			buildSettings = {
				ALWAYS_SEARCH_USER_PATHS = NO;
				ASSETCATALOG_COMPILER_GENERATE_SWIFT_ASSET_SYMBOL_EXTENSIONS = YES;
				CLANG_ANALYZER_NONNULL = YES;
				CLANG_ANALYZER_NUMBER_OBJECT_CONVERSION = YES_AGGRESSIVE;
				CLANG_CXX_LANGUAGE_STANDARD = "gnu++20";
				CLANG_ENABLE_MODULES = YES;
				CLANG_ENABLE_OBJC_ARC = YES;
				CLANG_ENABLE_OBJC_WEAK = YES;
				CLANG_WARN_BLOCK_CAPTURE_AUTORELEASING = YES;
				CLANG_WARN_BOOL_CONVERSION = YES;
				CLANG_WARN_COMMA = YES;
				CLANG_WARN_CONSTANT_CONVERSION = YES;
				CLANG_WARN_DEPRECATED_OBJC_IMPLEMENTATIONS = YES;
				CLANG_WARN_DIRECT_OBJC_ISA_USAGE = YES_ERROR;
				CLANG_WARN_DOCUMENTATION_COMMENTS = YES;
				CLANG_WARN_EMPTY_BODY = YES;
				CLANG_WARN_ENUM_CONVERSION = YES;
				CLANG_WARN_INFINITE_RECURSION = YES;
				CLANG_WARN_INT_CONVERSION = YES;
				CLANG_WARN_NON_LITERAL_NULL_CONVERSION = YES;
				CLANG_WARN_OBJC_IMPLICIT_RETAIN_SELF = YES;
				CLANG_WARN_OBJC_LITERAL_CONVERSION = YES;
				CLANG_WARN_OBJC_ROOT_CLASS = YES_ERROR;
				CLANG_WARN_QUOTED_INCLUDE_IN_FRAMEWORK_HEADER = YES;
				CLANG_WARN_RANGE_LOOP_ANALYSIS = YES;
				CLANG_WARN_STRICT_PROTOTYPES = YES;
				CLANG_WARN_SUSPICIOUS_MOVE = YES;
				CLANG_WARN_UNGUARDED_AVAILABILITY = YES_AGGRESSIVE;
				CLANG_WARN_UNREACHABLE_CODE = YES;
				CLANG_WARN__DUPLICATE_METHOD_MATCH = YES;
				COPY_PHASE_STRIP = NO;
				DEBUG_INFORMATION_FORMAT = "dwarf-with-dsym";
				ENABLE_NS_ASSERTIONS = NO;
				ENABLE_STRICT_OBJC_MSGSEND = YES;
				ENABLE_USER_SCRIPT_SANDBOXING = YES;
				GCC_C_LANGUAGE_STANDARD = gnu17;
				GCC_NO_COMMON_BLOCKS = YES;
				GCC_WARN_64_TO_32_BIT_CONVERSION = YES;
				GCC_WARN_ABOUT_RETURN_TYPE = YES_ERROR;
				GCC_WARN_UNDECLARED_SELECTOR = YES;
				GCC_WARN_UNINITIALIZED_AUTOS = YES_AGGRESSIVE;
				GCC_WARN_UNUSED_FUNCTION = YES;
				GCC_WARN_UNUSED_VARIABLE = YES;
				LOCALIZATION_PREFERS_STRING_CATALOGS = YES;
				MACOSX_DEPLOYMENT_TARGET = 14.6;
				MTL_ENABLE_DEBUG_INFO = NO;
				MTL_FAST_MATH = YES;
				SDKROOT = macosx;
				SWIFT_COMPILATION_MODE = wholemodule;
			};
			name = Release;
		};
		BF7A25E82E81A81000C5A4CE /* Debug */ = {
			isa = XCBuildConfiguration;
			buildSettings = {
				ASSETCATALOG_COMPILER_APPICON_NAME = AppIcon;
				ASSETCATALOG_COMPILER_GLOBAL_ACCENT_COLOR_NAME = AccentColor;
				CODE_SIGN_ENTITLEMENTS = Navi/Navi.entitlements;
				CODE_SIGN_STYLE = Automatic;
				COMBINE_HIDPI_IMAGES = YES;
				CURRENT_PROJECT_VERSION = 1;
				DEVELOPMENT_TEAM = K7L685QH7K;
				ENABLE_HARDENED_RUNTIME = YES;
				GENERATE_INFOPLIST_FILE = YES;
				INFOPLIST_FILE = Navi/Info.plist;
				INFOPLIST_KEY_NSAppleEventsUsageDescription = "This app needs to control System Preferences.";
				INFOPLIST_KEY_NSHumanReadableCopyright = "";
				INFOPLIST_KEY_NSPrincipalClass = NSApplication;
				LD_RUNPATH_SEARCH_PATHS = (
					"$(inherited)",
					"@executable_path/../Frameworks",
				);
				MARKETING_VERSION = 1.0;
				PRODUCT_BUNDLE_IDENTIFIER = treylee.Navi;
				PRODUCT_NAME = "$(TARGET_NAME)";
				SWIFT_EMIT_LOC_STRINGS = YES;
				SWIFT_VERSION = 5.0;
			};
			name = Debug;
		};
		BF7A25E92E81A81000C5A4CE /* Release */ = {
			isa = XCBuildConfiguration;
			buildSettings = {
				ASSETCATALOG_COMPILER_APPICON_NAME = AppIcon;
				ASSETCATALOG_COMPILER_GLOBAL_ACCENT_COLOR_NAME = AccentColor;
				CODE_SIGN_ENTITLEMENTS = Navi/Navi.entitlements;
				CODE_SIGN_STYLE = Automatic;
				COMBINE_HIDPI_IMAGES = YES;
				CURRENT_PROJECT_VERSION = 1;
				DEVELOPMENT_TEAM = K7L685QH7K;
				ENABLE_HARDENED_RUNTIME = YES;
				GENERATE_INFOPLIST_FILE = YES;
				INFOPLIST_FILE = Navi/Info.plist;
				INFOPLIST_KEY_NSAppleEventsUsageDescription = "This app needs to control System Preferences.";
				INFOPLIST_KEY_NSHumanReadableCopyright = "";
				INFOPLIST_KEY_NSPrincipalClass = NSApplication;
				LD_RUNPATH_SEARCH_PATHS = (
					"$(inherited)",
					"@executable_path/../Frameworks",
				);
				MARKETING_VERSION = 1.0;
				PRODUCT_BUNDLE_IDENTIFIER = treylee.Navi;
				PRODUCT_NAME = "$(TARGET_NAME)";
				SWIFT_EMIT_LOC_STRINGS = YES;
				SWIFT_VERSION = 5.0;
			};
			name = Release;
		};
		BF7A25EB2E81A81000C5A4CE /* Debug */ = {
			isa = XCBuildConfiguration;
			buildSettings = {
				BUNDLE_LOADER = "$(TEST_HOST)";
				CODE_SIGN_STYLE = Automatic;
				CURRENT_PROJECT_VERSION = 1;
				DEVELOPMENT_TEAM = K7L685QH7K;
				GENERATE_INFOPLIST_FILE = YES;
				MACOSX_DEPLOYMENT_TARGET = 14.6;
				MARKETING_VERSION = 1.0;
				PRODUCT_BUNDLE_IDENTIFIER = treylee.NaviTests;
				PRODUCT_NAME = "$(TARGET_NAME)";
				SWIFT_EMIT_LOC_STRINGS = NO;
				SWIFT_VERSION = 5.0;
				TEST_HOST = "$(BUILT_PRODUCTS_DIR)/Navi.app/$(BUNDLE_EXECUTABLE_FOLDER_PATH)/Navi";
			};
			name = Debug;
		};
		BF7A25EC2E81A81000C5A4CE /* Release */ = {
			isa = XCBuildConfiguration;
			buildSettings = {
				BUNDLE_LOADER = "$(TEST_HOST)";
				CODE_SIGN_STYLE = Automatic;
				CURRENT_PROJECT_VERSION = 1;
				DEVELOPMENT_TEAM = K7L685QH7K;
				GENERATE_INFOPLIST_FILE = YES;
				MACOSX_DEPLOYMENT_TARGET = 14.6;
				MARKETING_VERSION = 1.0;
				PRODUCT_BUNDLE_IDENTIFIER = treylee.NaviTests;
				PRODUCT_NAME = "$(TARGET_NAME)";
				SWIFT_EMIT_LOC_STRINGS = NO;
				SWIFT_VERSION = 5.0;
				TEST_HOST = "$(BUILT_PRODUCTS_DIR)/Navi.app/$(BUNDLE_EXECUTABLE_FOLDER_PATH)/Navi";
			};
			name = Release;
		};
		BF7A25EE2E81A81000C5A4CE /* Debug */ = {
			isa = XCBuildConfiguration;
			buildSettings = {
				CODE_SIGN_STYLE = Automatic;
				CURRENT_PROJECT_VERSION = 1;
				DEVELOPMENT_TEAM = K7L685QH7K;
				GENERATE_INFOPLIST_FILE = YES;
				MARKETING_VERSION = 1.0;
				PRODUCT_BUNDLE_IDENTIFIER = treylee.NaviUITests;
				PRODUCT_NAME = "$(TARGET_NAME)";
				SWIFT_EMIT_LOC_STRINGS = NO;
				SWIFT_VERSION = 5.0;
				TEST_TARGET_NAME = Navi;
			};
			name = Debug;
		};
		BF7A25EF2E81A81000C5A4CE /* Release */ = {
			isa = XCBuildConfiguration;
			buildSettings = {
				CODE_SIGN_STYLE = Automatic;
				CURRENT_PROJECT_VERSION = 1;
				DEVELOPMENT_TEAM = K7L685QH7K;
				GENERATE_INFOPLIST_FILE = YES;
				MARKETING_VERSION = 1.0;
				PRODUCT_BUNDLE_IDENTIFIER = treylee.NaviUITests;
				PRODUCT_NAME = "$(TARGET_NAME)";
				SWIFT_EMIT_LOC_STRINGS = NO;
				SWIFT_VERSION = 5.0;
				TEST_TARGET_NAME = Navi;
			};
			name = Release;
		};
/* End XCBuildConfiguration section */

/* Begin XCConfigurationList section */
		BF7A25BD2E81A80E00C5A4CE /* Build configuration list for PBXProject "Navi" */ = {
			isa = XCConfigurationList;
			buildConfigurations = (
				BF7A25E52E81A81000C5A4CE /* Debug */,
				BF7A25E62E81A81000C5A4CE /* Release */,
			);
			defaultConfigurationIsVisible = 0;
			defaultConfigurationName = Release;
		};
		BF7A25E72E81A81000C5A4CE /* Build configuration list for PBXNativeTarget "Navi" */ = {
			isa = XCConfigurationList;
			buildConfigurations = (
				BF7A25E82E81A81000C5A4CE /* Debug */,
				BF7A25E92E81A81000C5A4CE /* Release */,
			);
			defaultConfigurationIsVisible = 0;
			defaultConfigurationName = Release;
		};
		BF7A25EA2E81A81000C5A4CE /* Build configuration list for PBXNativeTarget "NaviTests" */ = {
			isa = XCConfigurationList;
			buildConfigurations = (
				BF7A25EB2E81A81000C5A4CE /* Debug */,
				BF7A25EC2E81A81000C5A4CE /* Release */,
			);
			defaultConfigurationIsVisible = 0;
			defaultConfigurationName = Release;
		};
		BF7A25ED2E81A81000C5A4CE /* Build configuration list for PBXNativeTarget "NaviUITests" */ = {
			isa = XCConfigurationList;
			buildConfigurations = (
				BF7A25EE2E81A81000C5A4CE /* Debug */,
				BF7A25EF2E81A81000C5A4CE /* Release */,
			);
			defaultConfigurationIsVisible = 0;
			defaultConfigurationName = Release;
		};
/* End XCConfigurationList section */
	};
	rootObject = BF7A25BA2E81A80E00C5A4CE /* Project object */;
}
